
Microsoft Visual Studio Solution File, Format Version 12.00
# Visual Studio Version 17
VisualStudioVersion = 17.9.34622.214
MinimumVisualStudioVersion = 10.0.40219.1
Project("{FAE04EC0-301F-11D3-BF4B-00C04F79EFBC}") = "WebApi", "WebApi.csproj", "{54F18580-62F3-4AA5-B805-218B34273579}"
EndProject
Global
	GlobalSection(SolutionConfigurationPlatforms) = preSolution
		Debug|Any CPU = Debug|Any CPU
		Release|Any CPU = Release|Any CPU
	EndGlobalSection
	GlobalSection(ProjectConfigurationPlatforms) = postSolution
		{54F18580-62F3-4AA5-B805-218B34273579}.Debug|Any CPU.ActiveCfg = Debug|Any CPU
		{54F18580-62F3-4AA5-B805-218B34273579}.Debug|Any CPU.Build.0 = Debug|Any CPU
		{54F18580-62F3-4AA5-B805-218B34273579}.Release|Any CPU.ActiveCfg = Release|Any CPU
		{54F18580-62F3-4AA5-B805-218B34273579}.Release|Any CPU.Build.0 = Release|Any CPU
		{DB5238E9-09E4-4BCB-84E7-5490CE1C963F}.Debug|Any CPU.ActiveCfg = Debug|Any CPU
		{DB5238E9-09E4-4BCB-84E7-5490CE1C963F}.Debug|Any CPU.Build.0 = Debug|Any CPU
		{DB5238E9-09E4-4BCB-84E7-5490CE1C963F}.Release|Any CPU.ActiveCfg = Release|Any CPU
		{DB5238E9-09E4-4BCB-84E7-5490CE1C963F}.Release|Any CPU.Build.0 = Release|Any CPU
		{F1C31765-200A-4BDF-A499-27B62D48AB1E}.Debug|Any CPU.ActiveCfg = Debug|Any CPU
		{F1C31765-200A-4BDF-A499-27B62D48AB1E}.Debug|Any CPU.Build.0 = Debug|Any CPU
		{F1C31765-200A-4BDF-A499-27B62D48AB1E}.Release|Any CPU.ActiveCfg = Release|Any CPU
		{F1C31765-200A-4BDF-A499-27B62D48AB1E}.Release|Any CPU.Build.0 = Release|Any CPU
	EndGlobalSection
	GlobalSection(SolutionProperties) = preSolution
		HideSolutionNode = FALSE
	EndGlobalSection
	GlobalSection(ExtensibilityGlobals) = postSolution
		SolutionGuid = {111F1392-ECC7-4BAA-ADAA-BAB285D289D2}
	EndGlobalSection
EndGlobal
